
Microsoft Visual Studio Solution File, Format Version 12.00
# Visual Studio Version 17
VisualStudioVersion = 17.2.32630.192
MinimumVisualStudioVersion = 10.0.40219.1
Project("{FAE04EC0-301F-11D3-BF4B-00C04F79EFBC}") = "SportCarnival", "SportCarnival.csproj", "{9E1F4293-BB74-4ED3-ACE4-7BE1A9EC16CA}"
EndProject
Global
	GlobalSection(SolutionConfigurationPlatforms) = preSolution
		Debug|Any CPU = Debug|Any CPU
		Release|Any CPU = Release|Any CPU
	EndGlobalSection
	GlobalSection(ProjectConfigurationPlatforms) = postSolution
		{9E1F4293-BB74-4ED3-ACE4-7BE1A9EC16CA}.Debug|Any CPU.ActiveCfg = Debug|Any CPU
		{9E1F4293-BB74-4ED3-ACE4-7BE1A9EC16CA}.Debug|Any CPU.Build.0 = Debug|Any CPU
		{9E1F4293-BB74-4ED3-ACE4-7BE1A9EC16CA}.Release|Any CPU.ActiveCfg = Release|Any CPU
		{9E1F4293-BB74-4ED3-ACE4-7BE1A9EC16CA}.Release|Any CPU.Build.0 = Release|Any CPU
	EndGlobalSection
	GlobalSection(SolutionProperties) = preSolution
		HideSolutionNode = FALSE
	EndGlobalSection
	GlobalSection(ExtensibilityGlobals) = postSolution
		SolutionGuid = {D35A3A8E-CDA1-4B19-8BBD-27C706E81496}
	EndGlobalSection
EndGlobal
